// !$*UTF8*$!
{
	archiveVersion = 1;
	classes = {
	};
	objectVersion = 46;
	objects = {

/* Begin PBXBuildFile section */
		141FA3031BA6F7F3001774A4 /* Airport.swift in Sources */ = {isa = PBXBuildFile; fileRef = 141FA3021BA6F7F3001774A4 /* Airport.swift */; settings = {ASSET_TAGS = (); }; };
		14957E571BA6F53C00AC0EC0 /* AppDelegate.swift in Sources */ = {isa = PBXBuildFile; fileRef = 14957E561BA6F53C00AC0EC0 /* AppDelegate.swift */; };
		14957E5C1BA6F53C00AC0EC0 /* Main.storyboard in Resources */ = {isa = PBXBuildFile; fileRef = 14957E5A1BA6F53C00AC0EC0 /* Main.storyboard */; };
		14957E5F1BA6F53C00AC0EC0 /* Airports.xcdatamodeld in Sources */ = {isa = PBXBuildFile; fileRef = 14957E5D1BA6F53C00AC0EC0 /* Airports.xcdatamodeld */; };
		14957E611BA6F53C00AC0EC0 /* Assets.xcassets in Resources */ = {isa = PBXBuildFile; fileRef = 14957E601BA6F53C00AC0EC0 /* Assets.xcassets */; };
		14957E641BA6F53C00AC0EC0 /* LaunchScreen.storyboard in Resources */ = {isa = PBXBuildFile; fileRef = 14957E621BA6F53C00AC0EC0 /* LaunchScreen.storyboard */; };
		14957E6F1BA6F53C00AC0EC0 /* AirportsTests.swift in Sources */ = {isa = PBXBuildFile; fileRef = 14957E6E1BA6F53C00AC0EC0 /* AirportsTests.swift */; };
		14957E7A1BA6F53C00AC0EC0 /* AirportsUITests.swift in Sources */ = {isa = PBXBuildFile; fileRef = 14957E791BA6F53C00AC0EC0 /* AirportsUITests.swift */; };
		14B2E08C1BA706DA00378792 /* TableViewController.swift in Sources */ = {isa = PBXBuildFile; fileRef = 14B2E08B1BA706DA00378792 /* TableViewController.swift */; settings = {ASSET_TAGS = (); }; };
		14B2E08E1BA7075F00378792 /* AirportTableViewCell.swift in Sources */ = {isa = PBXBuildFile; fileRef = 14B2E08D1BA7075F00378792 /* AirportTableViewCell.swift */; settings = {ASSET_TAGS = (); }; };
		14B2E0901BA708F300378792 /* AirportDetailedViewController.swift in Sources */ = {isa = PBXBuildFile; fileRef = 14B2E08F1BA708F300378792 /* AirportDetailedViewController.swift */; settings = {ASSET_TAGS = (); }; };
		14B2E0921BA754E300378792 /* DatabaseMiddleman.swift in Sources */ = {isa = PBXBuildFile; fileRef = 14B2E0911BA754E300378792 /* DatabaseMiddleman.swift */; settings = {ASSET_TAGS = (); }; };
		14B2E0941BA7555D00378792 /* airports.sqlite in Resources */ = {isa = PBXBuildFile; fileRef = 14B2E0931BA7555D00378792 /* airports.sqlite */; settings = {ASSET_TAGS = (); }; };
		14B2E0951BA7555D00378792 /* airports.sqlite in Resources */ = {isa = PBXBuildFile; fileRef = 14B2E0931BA7555D00378792 /* airports.sqlite */; settings = {ASSET_TAGS = (); }; };
		14B2E0961BA7555D00378792 /* airports.sqlite in Resources */ = {isa = PBXBuildFile; fileRef = 14B2E0931BA7555D00378792 /* airports.sqlite */; settings = {ASSET_TAGS = (); }; };
		14B2E09E1BA7770A00378792 /* libsqlite3.0.tbd in Frameworks */ = {isa = PBXBuildFile; fileRef = 14B2E09D1BA7770A00378792 /* libsqlite3.0.tbd */; };
		14B2E0A01BA7771000378792 /* MapKit.framework in Frameworks */ = {isa = PBXBuildFile; fileRef = 14B2E09F1BA7771000378792 /* MapKit.framework */; };
		14B2E0A41BA777D600378792 /* libsqlite3.tbd in Frameworks */ = {isa = PBXBuildFile; fileRef = 14B2E0A31BA777D600378792 /* libsqlite3.tbd */; };
/* End PBXBuildFile section */

/* Begin PBXContainerItemProxy section */
		14957E6B1BA6F53C00AC0EC0 /* PBXContainerItemProxy */ = {
			isa = PBXContainerItemProxy;
			containerPortal = 14957E4B1BA6F53C00AC0EC0 /* Project object */;
			proxyType = 1;
			remoteGlobalIDString = 14957E521BA6F53C00AC0EC0;
			remoteInfo = Airports;
		};
		14957E761BA6F53C00AC0EC0 /* PBXContainerItemProxy */ = {
			isa = PBXContainerItemProxy;
			containerPortal = 14957E4B1BA6F53C00AC0EC0 /* Project object */;
			proxyType = 1;
			remoteGlobalIDString = 14957E521BA6F53C00AC0EC0;
			remoteInfo = Airports;
		};
/* End PBXContainerItemProxy section */

/* Begin PBXFileReference section */
		141FA3021BA6F7F3001774A4 /* Airport.swift */ = {isa = PBXFileReference; fileEncoding = 4; lastKnownFileType = sourcecode.swift; path = Airport.swift; sourceTree = "<group>"; };
		14957E531BA6F53C00AC0EC0 /* Airports.app */ = {isa = PBXFileReference; explicitFileType = wrapper.application; includeInIndex = 0; path = Airports.app; sourceTree = BUILT_PRODUCTS_DIR; };
		14957E561BA6F53C00AC0EC0 /* AppDelegate.swift */ = {isa = PBXFileReference; lastKnownFileType = sourcecode.swift; path = AppDelegate.swift; sourceTree = "<group>"; };
		14957E5B1BA6F53C00AC0EC0 /* Base */ = {isa = PBXFileReference; lastKnownFileType = file.storyboard; name = Base; path = Base.lproj/Main.storyboard; sourceTree = "<group>"; };
		14957E5E1BA6F53C00AC0EC0 /* Airports.xcdatamodel */ = {isa = PBXFileReference; lastKnownFileType = wrapper.xcdatamodel; path = Airports.xcdatamodel; sourceTree = "<group>"; };
		14957E601BA6F53C00AC0EC0 /* Assets.xcassets */ = {isa = PBXFileReference; lastKnownFileType = folder.assetcatalog; path = Assets.xcassets; sourceTree = "<group>"; };
		14957E631BA6F53C00AC0EC0 /* Base */ = {isa = PBXFileReference; lastKnownFileType = file.storyboard; name = Base; path = Base.lproj/LaunchScreen.storyboard; sourceTree = "<group>"; };
		14957E651BA6F53C00AC0EC0 /* Info.plist */ = {isa = PBXFileReference; lastKnownFileType = text.plist.xml; path = Info.plist; sourceTree = "<group>"; };
		14957E6A1BA6F53C00AC0EC0 /* AirportsTests.xctest */ = {isa = PBXFileReference; explicitFileType = wrapper.cfbundle; includeInIndex = 0; path = AirportsTests.xctest; sourceTree = BUILT_PRODUCTS_DIR; };
		14957E6E1BA6F53C00AC0EC0 /* AirportsTests.swift */ = {isa = PBXFileReference; lastKnownFileType = sourcecode.swift; path = AirportsTests.swift; sourceTree = "<group>"; };
		14957E701BA6F53C00AC0EC0 /* Info.plist */ = {isa = PBXFileReference; lastKnownFileType = text.plist.xml; path = Info.plist; sourceTree = "<group>"; };
		14957E751BA6F53C00AC0EC0 /* AirportsUITests.xctest */ = {isa = PBXFileReference; explicitFileType = wrapper.cfbundle; includeInIndex = 0; path = AirportsUITests.xctest; sourceTree = BUILT_PRODUCTS_DIR; };
		14957E791BA6F53C00AC0EC0 /* AirportsUITests.swift */ = {isa = PBXFileReference; lastKnownFileType = sourcecode.swift; path = AirportsUITests.swift; sourceTree = "<group>"; };
		14957E7B1BA6F53C00AC0EC0 /* Info.plist */ = {isa = PBXFileReference; lastKnownFileType = text.plist.xml; path = Info.plist; sourceTree = "<group>"; };
		14B2E08B1BA706DA00378792 /* TableViewController.swift */ = {isa = PBXFileReference; fileEncoding = 4; lastKnownFileType = sourcecode.swift; path = TableViewController.swift; sourceTree = "<group>"; };
		14B2E08D1BA7075F00378792 /* AirportTableViewCell.swift */ = {isa = PBXFileReference; fileEncoding = 4; lastKnownFileType = sourcecode.swift; path = AirportTableViewCell.swift; sourceTree = "<group>"; };
		14B2E08F1BA708F300378792 /* AirportDetailedViewController.swift */ = {isa = PBXFileReference; fileEncoding = 4; lastKnownFileType = sourcecode.swift; path = AirportDetailedViewController.swift; sourceTree = "<group>"; };
		14B2E0911BA754E300378792 /* DatabaseMiddleman.swift */ = {isa = PBXFileReference; fileEncoding = 4; lastKnownFileType = sourcecode.swift; path = DatabaseMiddleman.swift; sourceTree = "<group>"; };
		14B2E0931BA7555D00378792 /* airports.sqlite */ = {isa = PBXFileReference; lastKnownFileType = file; path = airports.sqlite; sourceTree = "<group>"; };
		14B2E09B1BA7760900378792 /* nl */ = {isa = PBXFileReference; lastKnownFileType = text.plist.strings; name = nl; path = nl.lproj/Main.strings; sourceTree = "<group>"; };
		14B2E09C1BA7760900378792 /* nl */ = {isa = PBXFileReference; lastKnownFileType = text.plist.strings; name = nl; path = nl.lproj/LaunchScreen.strings; sourceTree = "<group>"; };
		14B2E09D1BA7770A00378792 /* libsqlite3.0.tbd */ = {isa = PBXFileReference; lastKnownFileType = "sourcecode.text-based-dylib-definition"; name = libsqlite3.0.tbd; path = usr/lib/libsqlite3.0.tbd; sourceTree = SDKROOT; };
		14B2E09F1BA7771000378792 /* MapKit.framework */ = {isa = PBXFileReference; lastKnownFileType = wrapper.framework; name = MapKit.framework; path = System/Library/Frameworks/MapKit.framework; sourceTree = SDKROOT; };
		14B2E0A21BA7776900378792 /* Airports_Bridging_header.h */ = {isa = PBXFileReference; lastKnownFileType = sourcecode.c.h; path = Airports_Bridging_header.h; sourceTree = "<group>"; };
		14B2E0A31BA777D600378792 /* libsqlite3.tbd */ = {isa = PBXFileReference; lastKnownFileType = "sourcecode.text-based-dylib-definition"; name = libsqlite3.tbd; path = usr/lib/libsqlite3.tbd; sourceTree = SDKROOT; };
/* End PBXFileReference section */

/* Begin PBXFrameworksBuildPhase section */
		14957E501BA6F53C00AC0EC0 /* Frameworks */ = {
			isa = PBXFrameworksBuildPhase;
			buildActionMask = 2147483647;
			files = (
				14B2E0A41BA777D600378792 /* libsqlite3.tbd in Frameworks */,
				14B2E0A01BA7771000378792 /* MapKit.framework in Frameworks */,
				14B2E09E1BA7770A00378792 /* libsqlite3.0.tbd in Frameworks */,
			);
			runOnlyForDeploymentPostprocessing = 0;
		};
		14957E671BA6F53C00AC0EC0 /* Frameworks */ = {
			isa = PBXFrameworksBuildPhase;
			buildActionMask = 2147483647;
			files = (
			);
			runOnlyForDeploymentPostprocessing = 0;
		};
		14957E721BA6F53C00AC0EC0 /* Frameworks */ = {
			isa = PBXFrameworksBuildPhase;
			buildActionMask = 2147483647;
			files = (
			);
			runOnlyForDeploymentPostprocessing = 0;
		};
/* End PBXFrameworksBuildPhase section */

/* Begin PBXGroup section */
		14957E4A1BA6F53C00AC0EC0 = {
			isa = PBXGroup;
			children = (
				14B2E09F1BA7771000378792 /* MapKit.framework */,
				14B2E0A31BA777D600378792 /* libsqlite3.tbd */,
				14B2E09D1BA7770A00378792 /* libsqlite3.0.tbd */,
				14957E551BA6F53C00AC0EC0 /* Airports */,
				14957E6D1BA6F53C00AC0EC0 /* AirportsTests */,
				14957E781BA6F53C00AC0EC0 /* AirportsUITests */,
				14957E541BA6F53C00AC0EC0 /* Products */,
			);
			sourceTree = "<group>";
		};
		14957E541BA6F53C00AC0EC0 /* Products */ = {
			isa = PBXGroup;
			children = (
				14957E531BA6F53C00AC0EC0 /* Airports.app */,
				14957E6A1BA6F53C00AC0EC0 /* AirportsTests.xctest */,
				14957E751BA6F53C00AC0EC0 /* AirportsUITests.xctest */,
			);
			name = Products;
			sourceTree = "<group>";
		};
		14957E551BA6F53C00AC0EC0 /* Airports */ = {
			isa = PBXGroup;
			children = (
				14957E561BA6F53C00AC0EC0 /* AppDelegate.swift */,
				14957E5A1BA6F53C00AC0EC0 /* Main.storyboard */,
				14B2E0931BA7555D00378792 /* airports.sqlite */,
				14957E601BA6F53C00AC0EC0 /* Assets.xcassets */,
				14957E621BA6F53C00AC0EC0 /* LaunchScreen.storyboard */,
				14957E651BA6F53C00AC0EC0 /* Info.plist */,
				14957E5D1BA6F53C00AC0EC0 /* Airports.xcdatamodeld */,
				141FA3021BA6F7F3001774A4 /* Airport.swift */,
				14B2E08B1BA706DA00378792 /* TableViewController.swift */,
				14B2E08D1BA7075F00378792 /* AirportTableViewCell.swift */,
				14B2E08F1BA708F300378792 /* AirportDetailedViewController.swift */,
				14B2E0911BA754E300378792 /* DatabaseMiddleman.swift */,
				14B2E0A21BA7776900378792 /* Airports_Bridging_header.h */,
			);
			path = Airports;
			sourceTree = "<group>";
		};
		14957E6D1BA6F53C00AC0EC0 /* AirportsTests */ = {
			isa = PBXGroup;
			children = (
				14957E6E1BA6F53C00AC0EC0 /* AirportsTests.swift */,
				14957E701BA6F53C00AC0EC0 /* Info.plist */,
			);
			path = AirportsTests;
			sourceTree = "<group>";
		};
		14957E781BA6F53C00AC0EC0 /* AirportsUITests */ = {
			isa = PBXGroup;
			children = (
				14957E791BA6F53C00AC0EC0 /* AirportsUITests.swift */,
				14957E7B1BA6F53C00AC0EC0 /* Info.plist */,
			);
			path = AirportsUITests;
			sourceTree = "<group>";
		};
/* End PBXGroup section */

/* Begin PBXNativeTarget section */
		14957E521BA6F53C00AC0EC0 /* Airports */ = {
			isa = PBXNativeTarget;
			buildConfigurationList = 14957E7E1BA6F53C00AC0EC0 /* Build configuration list for PBXNativeTarget "Airports" */;
			buildPhases = (
				14957E4F1BA6F53C00AC0EC0 /* Sources */,
				14957E501BA6F53C00AC0EC0 /* Frameworks */,
				14957E511BA6F53C00AC0EC0 /* Resources */,
			);
			buildRules = (
			);
			dependencies = (
			);
			name = Airports;
			productName = Airports;
			productReference = 14957E531BA6F53C00AC0EC0 /* Airports.app */;
			productType = "com.apple.product-type.application";
		};
		14957E691BA6F53C00AC0EC0 /* AirportsTests */ = {
			isa = PBXNativeTarget;
			buildConfigurationList = 14957E811BA6F53C00AC0EC0 /* Build configuration list for PBXNativeTarget "AirportsTests" */;
			buildPhases = (
				14957E661BA6F53C00AC0EC0 /* Sources */,
				14957E671BA6F53C00AC0EC0 /* Frameworks */,
				14957E681BA6F53C00AC0EC0 /* Resources */,
			);
			buildRules = (
			);
			dependencies = (
				14957E6C1BA6F53C00AC0EC0 /* PBXTargetDependency */,
			);
			name = AirportsTests;
			productName = AirportsTests;
			productReference = 14957E6A1BA6F53C00AC0EC0 /* AirportsTests.xctest */;
			productType = "com.apple.product-type.bundle.unit-test";
		};
		14957E741BA6F53C00AC0EC0 /* AirportsUITests */ = {
			isa = PBXNativeTarget;
			buildConfigurationList = 14957E841BA6F53C00AC0EC0 /* Build configuration list for PBXNativeTarget "AirportsUITests" */;
			buildPhases = (
				14957E711BA6F53C00AC0EC0 /* Sources */,
				14957E721BA6F53C00AC0EC0 /* Frameworks */,
				14957E731BA6F53C00AC0EC0 /* Resources */,
			);
			buildRules = (
			);
			dependencies = (
				14957E771BA6F53C00AC0EC0 /* PBXTargetDependency */,
			);
			name = AirportsUITests;
			productName = AirportsUITests;
			productReference = 14957E751BA6F53C00AC0EC0 /* AirportsUITests.xctest */;
			productType = "com.apple.product-type.bundle.ui-testing";
		};
/* End PBXNativeTarget section */

/* Begin PBXProject section */
		14957E4B1BA6F53C00AC0EC0 /* Project object */ = {
			isa = PBXProject;
			attributes = {
				LastUpgradeCheck = 0700;
				ORGANIZATIONNAME = Reupload;
				TargetAttributes = {
					14957E521BA6F53C00AC0EC0 = {
						CreatedOnToolsVersion = 7.0;
						DevelopmentTeam = ZP2LFA84SP;
					};
					14957E691BA6F53C00AC0EC0 = {
						CreatedOnToolsVersion = 7.0;
						TestTargetID = 14957E521BA6F53C00AC0EC0;
					};
					14957E741BA6F53C00AC0EC0 = {
						CreatedOnToolsVersion = 7.0;
						TestTargetID = 14957E521BA6F53C00AC0EC0;
					};
				};
			};
			buildConfigurationList = 14957E4E1BA6F53C00AC0EC0 /* Build configuration list for PBXProject "Airports" */;
			compatibilityVersion = "Xcode 3.2";
			developmentRegion = English;
			hasScannedForEncodings = 0;
			knownRegions = (
				en,
				Base,
			);
			mainGroup = 14957E4A1BA6F53C00AC0EC0;
			productRefGroup = 14957E541BA6F53C00AC0EC0 /* Products */;
			projectDirPath = "";
			projectRoot = "";
			targets = (
				14957E521BA6F53C00AC0EC0 /* Airports */,
				14957E691BA6F53C00AC0EC0 /* AirportsTests */,
				14957E741BA6F53C00AC0EC0 /* AirportsUITests */,
			);
		};
/* End PBXProject section */

/* Begin PBXResourcesBuildPhase section */
		14957E511BA6F53C00AC0EC0 /* Resources */ = {
			isa = PBXResourcesBuildPhase;
			buildActionMask = 2147483647;
			files = (
				14957E641BA6F53C00AC0EC0 /* LaunchScreen.storyboard in Resources */,
				14957E611BA6F53C00AC0EC0 /* Assets.xcassets in Resources */,
				14957E5C1BA6F53C00AC0EC0 /* Main.storyboard in Resources */,
				14B2E0941BA7555D00378792 /* airports.sqlite in Resources */,
			);
			runOnlyForDeploymentPostprocessing = 0;
		};
		14957E681BA6F53C00AC0EC0 /* Resources */ = {
			isa = PBXResourcesBuildPhase;
			buildActionMask = 2147483647;
			files = (
				14B2E0951BA7555D00378792 /* airports.sqlite in Resources */,
			);
			runOnlyForDeploymentPostprocessing = 0;
		};
		14957E731BA6F53C00AC0EC0 /* Resources */ = {
			isa = PBXResourcesBuildPhase;
			buildActionMask = 2147483647;
			files = (
				14B2E0961BA7555D00378792 /* airports.sqlite in Resources */,
			);
			runOnlyForDeploymentPostprocessing = 0;
		};
/* End PBXResourcesBuildPhase section */

/* Begin PBXSourcesBuildPhase section */
		14957E4F1BA6F53C00AC0EC0 /* Sources */ = {
			isa = PBXSourcesBuildPhase;
			buildActionMask = 2147483647;
			files = (
				141FA3031BA6F7F3001774A4 /* Airport.swift in Sources */,
				14957E5F1BA6F53C00AC0EC0 /* Airports.xcdatamodeld in Sources */,
				14B2E0901BA708F300378792 /* AirportDetailedViewController.swift in Sources */,
				14B2E0921BA754E300378792 /* DatabaseMiddleman.swift in Sources */,
				14B2E08C1BA706DA00378792 /* TableViewController.swift in Sources */,
				14957E571BA6F53C00AC0EC0 /* AppDelegate.swift in Sources */,
				14B2E08E1BA7075F00378792 /* AirportTableViewCell.swift in Sources */,
			);
			runOnlyForDeploymentPostprocessing = 0;
		};
		14957E661BA6F53C00AC0EC0 /* Sources */ = {
			isa = PBXSourcesBuildPhase;
			buildActionMask = 2147483647;
			files = (
				14957E6F1BA6F53C00AC0EC0 /* AirportsTests.swift in Sources */,
			);
			runOnlyForDeploymentPostprocessing = 0;
		};
		14957E711BA6F53C00AC0EC0 /* Sources */ = {
			isa = PBXSourcesBuildPhase;
			buildActionMask = 2147483647;
			files = (
				14957E7A1BA6F53C00AC0EC0 /* AirportsUITests.swift in Sources */,
			);
			runOnlyForDeploymentPostprocessing = 0;
		};
/* End PBXSourcesBuildPhase section */

/* Begin PBXTargetDependency section */
		14957E6C1BA6F53C00AC0EC0 /* PBXTargetDependency */ = {
			isa = PBXTargetDependency;
			target = 14957E521BA6F53C00AC0EC0 /* Airports */;
			targetProxy = 14957E6B1BA6F53C00AC0EC0 /* PBXContainerItemProxy */;
		};
		14957E771BA6F53C00AC0EC0 /* PBXTargetDependency */ = {
			isa = PBXTargetDependency;
			target = 14957E521BA6F53C00AC0EC0 /* Airports */;
			targetProxy = 14957E761BA6F53C00AC0EC0 /* PBXContainerItemProxy */;
		};
/* End PBXTargetDependency section */

/* Begin PBXVariantGroup section */
		14957E5A1BA6F53C00AC0EC0 /* Main.storyboard */ = {
			isa = PBXVariantGroup;
			children = (
				14957E5B1BA6F53C00AC0EC0 /* Base */,
				14B2E09B1BA7760900378792 /* nl */,
			);
			name = Main.storyboard;
			sourceTree = "<group>";
		};
		14957E621BA6F53C00AC0EC0 /* LaunchScreen.storyboard */ = {
			isa = PBXVariantGroup;
			children = (
				14957E631BA6F53C00AC0EC0 /* Base */,
				14B2E09C1BA7760900378792 /* nl */,
			);
			name = LaunchScreen.storyboard;
			sourceTree = "<group>";
		};
/* End PBXVariantGroup section */

/* Begin XCBuildConfiguration section */
		14957E7C1BA6F53C00AC0EC0 /* Debug */ = {
			isa = XCBuildConfiguration;
			buildSettings = {
				ALWAYS_SEARCH_USER_PATHS = NO;
				CLANG_CXX_LANGUAGE_STANDARD = "gnu++0x";
				CLANG_CXX_LIBRARY = "libc++";
				CLANG_ENABLE_MODULES = YES;
				CLANG_ENABLE_OBJC_ARC = YES;
				CLANG_WARN_BOOL_CONVERSION = YES;
				CLANG_WARN_CONSTANT_CONVERSION = YES;
				CLANG_WARN_DIRECT_OBJC_ISA_USAGE = YES_ERROR;
				CLANG_WARN_EMPTY_BODY = YES;
				CLANG_WARN_ENUM_CONVERSION = YES;
				CLANG_WARN_INT_CONVERSION = YES;
				CLANG_WARN_OBJC_ROOT_CLASS = YES_ERROR;
				CLANG_WARN_UNREACHABLE_CODE = YES;
				CLANG_WARN__DUPLICATE_METHOD_MATCH = YES;
				"CODE_SIGN_IDENTITY[sdk=iphoneos*]" = "iPhone Developer";
				COPY_PHASE_STRIP = NO;
				DEBUG_INFORMATION_FORMAT = dwarf;
				ENABLE_STRICT_OBJC_MSGSEND = YES;
				ENABLE_TESTABILITY = YES;
				GCC_C_LANGUAGE_STANDARD = gnu99;
				GCC_DYNAMIC_NO_PIC = NO;
				GCC_NO_COMMON_BLOCKS = YES;
				GCC_OPTIMIZATION_LEVEL = 0;
				GCC_PREPROCESSOR_DEFINITIONS = (
					"DEBUG=1",
					"$(inherited)",
				);
				GCC_WARN_64_TO_32_BIT_CONVERSION = YES;
				GCC_WARN_ABOUT_RETURN_TYPE = YES_ERROR;
				GCC_WARN_UNDECLARED_SELECTOR = YES;
				GCC_WARN_UNINITIALIZED_AUTOS = YES_AGGRESSIVE;
				GCC_WARN_UNUSED_FUNCTION = YES;
				GCC_WARN_UNUSED_VARIABLE = YES;
				IPHONEOS_DEPLOYMENT_TARGET = 9.0;
				MTL_ENABLE_DEBUG_INFO = YES;
				ONLY_ACTIVE_ARCH = YES;
				SDKROOT = iphoneos;
				SWIFT_OPTIMIZATION_LEVEL = "-Onone";
			};
			name = Debug;
		};
		14957E7D1BA6F53C00AC0EC0 /* Release */ = {
			isa = XCBuildConfiguration;
			buildSettings = {
				ALWAYS_SEARCH_USER_PATHS = NO;
				CLANG_CXX_LANGUAGE_STANDARD = "gnu++0x";
				CLANG_CXX_LIBRARY = "libc++";
				CLANG_ENABLE_MODULES = YES;
				CLANG_ENABLE_OBJC_ARC = YES;
				CLANG_WARN_BOOL_CONVERSION = YES;
				CLANG_WARN_CONSTANT_CONVERSION = YES;
				CLANG_WARN_DIRECT_OBJC_ISA_USAGE = YES_ERROR;
				CLANG_WARN_EMPTY_BODY = YES;
				CLANG_WARN_ENUM_CONVERSION = YES;
				CLANG_WARN_INT_CONVERSION = YES;
				CLANG_WARN_OBJC_ROOT_CLASS = YES_ERROR;
				CLANG_WARN_UNREACHABLE_CODE = YES;
				CLANG_WARN__DUPLICATE_METHOD_MATCH = YES;
				"CODE_SIGN_IDENTITY[sdk=iphoneos*]" = "iPhone Developer";
				COPY_PHASE_STRIP = NO;
				DEBUG_INFORMATION_FORMAT = "dwarf-with-dsym";
				ENABLE_NS_ASSERTIONS = NO;
				ENABLE_STRICT_OBJC_MSGSEND = YES;
				GCC_C_LANGUAGE_STANDARD = gnu99;
				GCC_NO_COMMON_BLOCKS = YES;
				GCC_WARN_64_TO_32_BIT_CONVERSION = YES;
				GCC_WARN_ABOUT_RETURN_TYPE = YES_ERROR;
				GCC_WARN_UNDECLARED_SELECTOR = YES;
				GCC_WARN_UNINITIALIZED_AUTOS = YES_AGGRESSIVE;
				GCC_WARN_UNUSED_FUNCTION = YES;
				GCC_WARN_UNUSED_VARIABLE = YES;
				IPHONEOS_DEPLOYMENT_TARGET = 9.0;
				MTL_ENABLE_DEBUG_INFO = NO;
				SDKROOT = iphoneos;
				VALIDATE_PRODUCT = YES;
			};
			name = Release;
		};
		14957E7F1BA6F53C00AC0EC0 /* Debug */ = {
			isa = XCBuildConfiguration;
			buildSettings = {
				ASSETCATALOG_COMPILER_APPICON_NAME = AppIcon;
				CODE_SIGN_IDENTITY = "iPhone Developer";
				"CODE_SIGN_IDENTITY[sdk=iphoneos*]" = "iPhone Developer";
				INFOPLIST_FILE = Airports/Info.plist;
				LD_RUNPATH_SEARCH_PATHS = "$(inherited) @executable_path/Frameworks";
				PRODUCT_BUNDLE_IDENTIFIER = nl.reupload.Airports;
				PRODUCT_NAME = "$(TARGET_NAME)";
				PROVISIONING_PROFILE = "";
				"SWIFT_OBJC_BRIDGING_HEADER[arch=*]" = Airports/Airports_Bridging_header.h;
				TARGETED_DEVICE_FAMILY = 1;
			};
			name = Debug;
		};
		14957E801BA6F53C00AC0EC0 /* Release */ = {
			isa = XCBuildConfiguration;
			buildSettings = {
				ASSETCATALOG_COMPILER_APPICON_NAME = AppIcon;
				CODE_SIGN_IDENTITY = "iPhone Developer";
				"CODE_SIGN_IDENTITY[sdk=iphoneos*]" = "iPhone Developer";
				INFOPLIST_FILE = Airports/Info.plist;
				LD_RUNPATH_SEARCH_PATHS = "$(inherited) @executable_path/Frameworks";
				PRODUCT_BUNDLE_IDENTIFIER = nl.reupload.Airports;
				PRODUCT_NAME = "$(TARGET_NAME)";
				PROVISIONING_PROFILE = "";
				"SWIFT_OBJC_BRIDGING_HEADER[arch=*]" = Airports/Airports_Bridging_header.h;
				TARGETED_DEVICE_FAMILY = 1;
			};
			name = Release;
		};
		14957E821BA6F53C00AC0EC0 /* Debug */ = {
			isa = XCBuildConfiguration;
			buildSettings = {
				BUNDLE_LOADER = "$(TEST_HOST)";
				INFOPLIST_FILE = AirportsTests/Info.plist;
				LD_RUNPATH_SEARCH_PATHS = "$(inherited) @executable_path/Frameworks @loader_path/Frameworks";
				PRODUCT_BUNDLE_IDENTIFIER = nl.reupload.AirportsTests;
				PRODUCT_NAME = "$(TARGET_NAME)";
				TEST_HOST = "$(BUILT_PRODUCTS_DIR)/Airports.app/Airports";
			};
			name = Debug;
		};
		14957E831BA6F53C00AC0EC0 /* Release */ = {
			isa = XCBuildConfiguration;
			buildSettings = {
				BUNDLE_LOADER = "$(TEST_HOST)";
				INFOPLIST_FILE = AirportsTests/Info.plist;
				LD_RUNPATH_SEARCH_PATHS = "$(inherited) @executable_path/Frameworks @loader_path/Frameworks";
				PRODUCT_BUNDLE_IDENTIFIER = nl.reupload.AirportsTests;
				PRODUCT_NAME = "$(TARGET_NAME)";
				TEST_HOST = "$(BUILT_PRODUCTS_DIR)/Airports.app/Airports";
			};
			name = Release;
		};
		14957E851BA6F53C00AC0EC0 /* Debug */ = {
			isa = XCBuildConfiguration;
			buildSettings = {
				INFOPLIST_FILE = AirportsUITests/Info.plist;
				LD_RUNPATH_SEARCH_PATHS = "$(inherited) @executable_path/Frameworks @loader_path/Frameworks";
				PRODUCT_BUNDLE_IDENTIFIER = nl.reupload.AirportsUITests;
				PRODUCT_NAME = "$(TARGET_NAME)";
				TEST_TARGET_NAME = Airports;
				USES_XCTRUNNER = YES;
			};
			name = Debug;
		};
		14957E861BA6F53C00AC0EC0 /* Release */ = {
			isa = XCBuildConfiguration;
			buildSettings = {
				INFOPLIST_FILE = AirportsUITests/Info.plist;
				LD_RUNPATH_SEARCH_PATHS = "$(inherited) @executable_path/Frameworks @loader_path/Frameworks";
				PRODUCT_BUNDLE_IDENTIFIER = nl.reupload.AirportsUITests;
				PRODUCT_NAME = "$(TARGET_NAME)";
				TEST_TARGET_NAME = Airports;
				USES_XCTRUNNER = YES;
			};
			name = Release;
		};
/* End XCBuildConfiguration section */

/* Begin XCConfigurationList section */
		14957E4E1BA6F53C00AC0EC0 /* Build configuration list for PBXProject "Airports" */ = {
			isa = XCConfigurationList;
			buildConfigurations = (
				14957E7C1BA6F53C00AC0EC0 /* Debug */,
				14957E7D1BA6F53C00AC0EC0 /* Release */,
			);
			defaultConfigurationIsVisible = 0;
			defaultConfigurationName = Release;
		};
		14957E7E1BA6F53C00AC0EC0 /* Build configuration list for PBXNativeTarget "Airports" */ = {
			isa = XCConfigurationList;
			buildConfigurations = (
				14957E7F1BA6F53C00AC0EC0 /* Debug */,
				14957E801BA6F53C00AC0EC0 /* Release */,
			);
			defaultConfigurationIsVisible = 0;
			defaultConfigurationName = Release;
		};
		14957E811BA6F53C00AC0EC0 /* Build configuration list for PBXNativeTarget "AirportsTests" */ = {
			isa = XCConfigurationList;
			buildConfigurations = (
				14957E821BA6F53C00AC0EC0 /* Debug */,
				14957E831BA6F53C00AC0EC0 /* Release */,
			);
			defaultConfigurationIsVisible = 0;
			defaultConfigurationName = Release;
		};
		14957E841BA6F53C00AC0EC0 /* Build configuration list for PBXNativeTarget "AirportsUITests" */ = {
			isa = XCConfigurationList;
			buildConfigurations = (
				14957E851BA6F53C00AC0EC0 /* Debug */,
				14957E861BA6F53C00AC0EC0 /* Release */,
			);
			defaultConfigurationIsVisible = 0;
			defaultConfigurationName = Release;
		};
/* End XCConfigurationList section */

/* Begin XCVersionGroup section */
		14957E5D1BA6F53C00AC0EC0 /* Airports.xcdatamodeld */ = {
			isa = XCVersionGroup;
			children = (
				14957E5E1BA6F53C00AC0EC0 /* Airports.xcdatamodel */,
			);
			currentVersion = 14957E5E1BA6F53C00AC0EC0 /* Airports.xcdatamodel */;
			path = Airports.xcdatamodeld;
			sourceTree = "<group>";
			versionGroupType = wrapper.xcdatamodel;
		};
/* End XCVersionGroup section */
	};
	rootObject = 14957E4B1BA6F53C00AC0EC0 /* Project object */;
}
